
Microsoft Visual Studio Solution File, Format Version 11.00
# Visual Studio 2010
Project("{FAE04EC0-301F-11D3-BF4B-00C04F79EFBC}") = "ScopeSetupApp", "ScopeSetupApp\ScopeSetupApp.csproj", "{49F0497A-030F-49A0-ADBF-5B06B5353C52}"
EndProject
Project("{FAE04EC0-301F-11D3-BF4B-00C04F79EFBC}") = "ModBusLibrary", "..\ExMonApplication\ModBusLibrary\ModBusLibrary.csproj", "{30188FF0-11C6-4302-8B16-F30EEBEF8761}"
EndProject
Project("{FAE04EC0-301F-11D3-BF4B-00C04F79EFBC}") = "ADSPLibrary", "..\ExMonApplication\ADSPLibrary\ADSPLibrary.csproj", "{00A4442A-0190-4215-9E05-2DF03BF070AA}"
EndProject
Global
	GlobalSection(SolutionConfigurationPlatforms) = preSolution
		Debug|Any CPU = Debug|Any CPU
		Debug|Mixed Platforms = Debug|Mixed Platforms
		Debug|x86 = Debug|x86
		Release|Any CPU = Release|Any CPU
		Release|Mixed Platforms = Release|Mixed Platforms
		Release|x86 = Release|x86
	EndGlobalSection
	GlobalSection(ProjectConfigurationPlatforms) = postSolution
		{49F0497A-030F-49A0-ADBF-5B06B5353C52}.Debug|Any CPU.ActiveCfg = Debug|x86
		{49F0497A-030F-49A0-ADBF-5B06B5353C52}.Debug|Mixed Platforms.ActiveCfg = Debug|x86
		{49F0497A-030F-49A0-ADBF-5B06B5353C52}.Debug|Mixed Platforms.Build.0 = Debug|x86
		{49F0497A-030F-49A0-ADBF-5B06B5353C52}.Debug|x86.ActiveCfg = Debug|x86
		{49F0497A-030F-49A0-ADBF-5B06B5353C52}.Debug|x86.Build.0 = Debug|x86
		{49F0497A-030F-49A0-ADBF-5B06B5353C52}.Release|Any CPU.ActiveCfg = Release|x86
		{49F0497A-030F-49A0-ADBF-5B06B5353C52}.Release|Mixed Platforms.ActiveCfg = Release|x86
		{49F0497A-030F-49A0-ADBF-5B06B5353C52}.Release|Mixed Platforms.Build.0 = Release|x86
		{49F0497A-030F-49A0-ADBF-5B06B5353C52}.Release|x86.ActiveCfg = Release|x86
		{49F0497A-030F-49A0-ADBF-5B06B5353C52}.Release|x86.Build.0 = Release|x86
		{30188FF0-11C6-4302-8B16-F30EEBEF8761}.Debug|Any CPU.ActiveCfg = Debug|Any CPU
		{30188FF0-11C6-4302-8B16-F30EEBEF8761}.Debug|Any CPU.Build.0 = Debug|Any CPU
		{30188FF0-11C6-4302-8B16-F30EEBEF8761}.Debug|Mixed Platforms.ActiveCfg = Debug|Any CPU
		{30188FF0-11C6-4302-8B16-F30EEBEF8761}.Debug|Mixed Platforms.Build.0 = Debug|Any CPU
		{30188FF0-11C6-4302-8B16-F30EEBEF8761}.Debug|x86.ActiveCfg = Debug|Any CPU
		{30188FF0-11C6-4302-8B16-F30EEBEF8761}.Release|Any CPU.ActiveCfg = Release|Any CPU
		{30188FF0-11C6-4302-8B16-F30EEBEF8761}.Release|Any CPU.Build.0 = Release|Any CPU
		{30188FF0-11C6-4302-8B16-F30EEBEF8761}.Release|Mixed Platforms.ActiveCfg = Release|Any CPU
		{30188FF0-11C6-4302-8B16-F30EEBEF8761}.Release|Mixed Platforms.Build.0 = Release|Any CPU
		{30188FF0-11C6-4302-8B16-F30EEBEF8761}.Release|x86.ActiveCfg = Release|Any CPU
		{00A4442A-0190-4215-9E05-2DF03BF070AA}.Debug|Any CPU.ActiveCfg = Debug|Any CPU
		{00A4442A-0190-4215-9E05-2DF03BF070AA}.Debug|Any CPU.Build.0 = Debug|Any CPU
		{00A4442A-0190-4215-9E05-2DF03BF070AA}.Debug|Mixed Platforms.ActiveCfg = Debug|Any CPU
		{00A4442A-0190-4215-9E05-2DF03BF070AA}.Debug|Mixed Platforms.Build.0 = Debug|Any CPU
		{00A4442A-0190-4215-9E05-2DF03BF070AA}.Debug|x86.ActiveCfg = Debug|Any CPU
		{00A4442A-0190-4215-9E05-2DF03BF070AA}.Release|Any CPU.ActiveCfg = Release|Any CPU
		{00A4442A-0190-4215-9E05-2DF03BF070AA}.Release|Any CPU.Build.0 = Release|Any CPU
		{00A4442A-0190-4215-9E05-2DF03BF070AA}.Release|Mixed Platforms.ActiveCfg = Release|Any CPU
		{00A4442A-0190-4215-9E05-2DF03BF070AA}.Release|Mixed Platforms.Build.0 = Release|Any CPU
		{00A4442A-0190-4215-9E05-2DF03BF070AA}.Release|x86.ActiveCfg = Release|Any CPU
	EndGlobalSection
	GlobalSection(SolutionProperties) = preSolution
		HideSolutionNode = FALSE
	EndGlobalSection
EndGlobal
